
Microsoft Visual Studio Solution File, Format Version 12.00
# Visual Studio Version 16
VisualStudioVersion = 16.0.30523.141
MinimumVisualStudioVersion = 10.0.40219.1
Project("{2150E333-8FDC-42A3-9474-1A3956D46DE8}") = "1-View", "1-View", "{5DDE1AC8-B46A-4034-82C9-572AF1BDFBCB}"
EndProject
Project("{2150E333-8FDC-42A3-9474-1A3956D46DE8}") = "2-ViewModel", "2-ViewModel", "{A8A396DD-441D-4197-841A-8D0D6E22AB31}"
EndProject
Project("{2150E333-8FDC-42A3-9474-1A3956D46DE8}") = "3-Service", "3-Service", "{3AC5691F-726B-46A9-BCB8-3CCBFC73898F}"
EndProject
Project("{2150E333-8FDC-42A3-9474-1A3956D46DE8}") = "4-Model", "4-Model", "{40C8816B-B14F-4D04-8217-7A7C44B6AB37}"
EndProject
Project("{2150E333-8FDC-42A3-9474-1A3956D46DE8}") = "Utils", "Utils", "{C1814BEC-3E20-4321-82CF-DC4CE580DB71}"
EndProject
Project("{2150E333-8FDC-42A3-9474-1A3956D46DE8}") = "5-Test", "5-Test", "{B33A07E1-8361-4B5B-B830-7DF6BD7A4710}"
EndProject
Project("{2150E333-8FDC-42A3-9474-1A3956D46DE8}") = "6-DataCache", "6-DataCache", "{9E2BDBF1-B977-444E-BFC8-D75AA0ED41F9}"
EndProject
Project("{FAE04EC0-301F-11D3-BF4B-00C04F79EFBC}") = "RM.Cache", "RM.Cache\RM.Cache.csproj", "{337F5964-7ACD-418B-91C2-DEC48BAA6414}"
EndProject
Project("{FAE04EC0-301F-11D3-BF4B-00C04F79EFBC}") = "RM", "RM\RM.csproj", "{D7389278-A8D1-404D-BD6D-FA662D293C4D}"
EndProject
Project("{FAE04EC0-301F-11D3-BF4B-00C04F79EFBC}") = "RM.View", "RM.View\RM.View.csproj", "{718F0C57-1D91-4C7E-8BA3-9775E1BF42E3}"
EndProject
Project("{FAE04EC0-301F-11D3-BF4B-00C04F79EFBC}") = "RM.ViewModel", "RM.ViewModel\RM.ViewModel.csproj", "{7375FF99-44A2-4F46-8CE8-0B427EFB58A0}"
EndProject
Project("{FAE04EC0-301F-11D3-BF4B-00C04F79EFBC}") = "RM.Service", "RM.Serivce\RM.Service.csproj", "{36F9F413-D741-4E43-A495-AE8F86F38CBA}"
EndProject
Project("{FAE04EC0-301F-11D3-BF4B-00C04F79EFBC}") = "RM.Common", "RM.Model\RM.Common.csproj", "{72F7448F-2B2C-4925-AC3A-C573AADA5635}"
EndProject
Project("{FAE04EC0-301F-11D3-BF4B-00C04F79EFBC}") = "RM.TestUtils", "RM.TestUtils\RM.TestUtils.csproj", "{95063036-87EF-4C11-9239-976312F2AE9F}"
EndProject
Project("{FAE04EC0-301F-11D3-BF4B-00C04F79EFBC}") = "RM.UITest", "RM.UITest\RM.UITest.csproj", "{3A6B9781-2EE8-4EEF-A897-7AF325D76B53}"
EndProject
Project("{FAE04EC0-301F-11D3-BF4B-00C04F79EFBC}") = "RM.UnitTest", "RM.ViewModel.UnitTest\RM.UnitTest.csproj", "{41C12CBB-B6AA-4196-BFF6-8CCC7D9F3AD4}"
EndProject
Project("{FAE04EC0-301F-11D3-BF4B-00C04F79EFBC}") = "RM.Utils", "RM.Utils\RM.Utils.csproj", "{AB8D0B9D-C269-49D5-8440-727EC194FF9D}"
EndProject
Global
	GlobalSection(SolutionConfigurationPlatforms) = preSolution
		Debug|Any CPU = Debug|Any CPU
		Release|Any CPU = Release|Any CPU
	EndGlobalSection
	GlobalSection(ProjectConfigurationPlatforms) = postSolution
		{337F5964-7ACD-418B-91C2-DEC48BAA6414}.Debug|Any CPU.ActiveCfg = Debug|Any CPU
		{337F5964-7ACD-418B-91C2-DEC48BAA6414}.Debug|Any CPU.Build.0 = Debug|Any CPU
		{337F5964-7ACD-418B-91C2-DEC48BAA6414}.Release|Any CPU.ActiveCfg = Release|Any CPU
		{337F5964-7ACD-418B-91C2-DEC48BAA6414}.Release|Any CPU.Build.0 = Release|Any CPU
		{D7389278-A8D1-404D-BD6D-FA662D293C4D}.Debug|Any CPU.ActiveCfg = Debug|Any CPU
		{D7389278-A8D1-404D-BD6D-FA662D293C4D}.Debug|Any CPU.Build.0 = Debug|Any CPU
		{D7389278-A8D1-404D-BD6D-FA662D293C4D}.Release|Any CPU.ActiveCfg = Release|Any CPU
		{D7389278-A8D1-404D-BD6D-FA662D293C4D}.Release|Any CPU.Build.0 = Release|Any CPU
		{718F0C57-1D91-4C7E-8BA3-9775E1BF42E3}.Debug|Any CPU.ActiveCfg = Debug|Any CPU
		{718F0C57-1D91-4C7E-8BA3-9775E1BF42E3}.Debug|Any CPU.Build.0 = Debug|Any CPU
		{718F0C57-1D91-4C7E-8BA3-9775E1BF42E3}.Release|Any CPU.ActiveCfg = Release|Any CPU
		{718F0C57-1D91-4C7E-8BA3-9775E1BF42E3}.Release|Any CPU.Build.0 = Release|Any CPU
		{7375FF99-44A2-4F46-8CE8-0B427EFB58A0}.Debug|Any CPU.ActiveCfg = Debug|Any CPU
		{7375FF99-44A2-4F46-8CE8-0B427EFB58A0}.Debug|Any CPU.Build.0 = Debug|Any CPU
		{7375FF99-44A2-4F46-8CE8-0B427EFB58A0}.Release|Any CPU.ActiveCfg = Release|Any CPU
		{7375FF99-44A2-4F46-8CE8-0B427EFB58A0}.Release|Any CPU.Build.0 = Release|Any CPU
		{36F9F413-D741-4E43-A495-AE8F86F38CBA}.Debug|Any CPU.ActiveCfg = Debug|Any CPU
		{36F9F413-D741-4E43-A495-AE8F86F38CBA}.Debug|Any CPU.Build.0 = Debug|Any CPU
		{36F9F413-D741-4E43-A495-AE8F86F38CBA}.Release|Any CPU.ActiveCfg = Release|Any CPU
		{36F9F413-D741-4E43-A495-AE8F86F38CBA}.Release|Any CPU.Build.0 = Release|Any CPU
		{72F7448F-2B2C-4925-AC3A-C573AADA5635}.Debug|Any CPU.ActiveCfg = Debug|Any CPU
		{72F7448F-2B2C-4925-AC3A-C573AADA5635}.Debug|Any CPU.Build.0 = Debug|Any CPU
		{72F7448F-2B2C-4925-AC3A-C573AADA5635}.Release|Any CPU.ActiveCfg = Release|Any CPU
		{72F7448F-2B2C-4925-AC3A-C573AADA5635}.Release|Any CPU.Build.0 = Release|Any CPU
		{95063036-87EF-4C11-9239-976312F2AE9F}.Debug|Any CPU.ActiveCfg = Debug|Any CPU
		{95063036-87EF-4C11-9239-976312F2AE9F}.Debug|Any CPU.Build.0 = Debug|Any CPU
		{95063036-87EF-4C11-9239-976312F2AE9F}.Release|Any CPU.ActiveCfg = Release|Any CPU
		{95063036-87EF-4C11-9239-976312F2AE9F}.Release|Any CPU.Build.0 = Release|Any CPU
		{3A6B9781-2EE8-4EEF-A897-7AF325D76B53}.Debug|Any CPU.ActiveCfg = Debug|Any CPU
		{3A6B9781-2EE8-4EEF-A897-7AF325D76B53}.Debug|Any CPU.Build.0 = Debug|Any CPU
		{3A6B9781-2EE8-4EEF-A897-7AF325D76B53}.Release|Any CPU.ActiveCfg = Release|Any CPU
		{3A6B9781-2EE8-4EEF-A897-7AF325D76B53}.Release|Any CPU.Build.0 = Release|Any CPU
		{41C12CBB-B6AA-4196-BFF6-8CCC7D9F3AD4}.Debug|Any CPU.ActiveCfg = Debug|Any CPU
		{41C12CBB-B6AA-4196-BFF6-8CCC7D9F3AD4}.Debug|Any CPU.Build.0 = Debug|Any CPU
		{41C12CBB-B6AA-4196-BFF6-8CCC7D9F3AD4}.Release|Any CPU.ActiveCfg = Release|Any CPU
		{41C12CBB-B6AA-4196-BFF6-8CCC7D9F3AD4}.Release|Any CPU.Build.0 = Release|Any CPU
		{AB8D0B9D-C269-49D5-8440-727EC194FF9D}.Debug|Any CPU.ActiveCfg = Debug|Any CPU
		{AB8D0B9D-C269-49D5-8440-727EC194FF9D}.Debug|Any CPU.Build.0 = Debug|Any CPU
		{AB8D0B9D-C269-49D5-8440-727EC194FF9D}.Release|Any CPU.ActiveCfg = Release|Any CPU
		{AB8D0B9D-C269-49D5-8440-727EC194FF9D}.Release|Any CPU.Build.0 = Release|Any CPU
	EndGlobalSection
	GlobalSection(SolutionProperties) = preSolution
		HideSolutionNode = FALSE
	EndGlobalSection
	GlobalSection(NestedProjects) = preSolution
		{337F5964-7ACD-418B-91C2-DEC48BAA6414} = {9E2BDBF1-B977-444E-BFC8-D75AA0ED41F9}
		{D7389278-A8D1-404D-BD6D-FA662D293C4D} = {5DDE1AC8-B46A-4034-82C9-572AF1BDFBCB}
		{718F0C57-1D91-4C7E-8BA3-9775E1BF42E3} = {5DDE1AC8-B46A-4034-82C9-572AF1BDFBCB}
		{7375FF99-44A2-4F46-8CE8-0B427EFB58A0} = {A8A396DD-441D-4197-841A-8D0D6E22AB31}
		{36F9F413-D741-4E43-A495-AE8F86F38CBA} = {3AC5691F-726B-46A9-BCB8-3CCBFC73898F}
		{72F7448F-2B2C-4925-AC3A-C573AADA5635} = {40C8816B-B14F-4D04-8217-7A7C44B6AB37}
		{95063036-87EF-4C11-9239-976312F2AE9F} = {B33A07E1-8361-4B5B-B830-7DF6BD7A4710}
		{3A6B9781-2EE8-4EEF-A897-7AF325D76B53} = {B33A07E1-8361-4B5B-B830-7DF6BD7A4710}
		{41C12CBB-B6AA-4196-BFF6-8CCC7D9F3AD4} = {B33A07E1-8361-4B5B-B830-7DF6BD7A4710}
		{AB8D0B9D-C269-49D5-8440-727EC194FF9D} = {C1814BEC-3E20-4321-82CF-DC4CE580DB71}
	EndGlobalSection
	GlobalSection(ExtensibilityGlobals) = postSolution
		SolutionGuid = {51DAA751-7729-410B-8036-8450C330A68F}
	EndGlobalSection
EndGlobal
